
Microsoft Visual Studio Solution File, Format Version 12.00
# Visual Studio Version 17
VisualStudioVersion = 17.14.36203.30 d17.14
MinimumVisualStudioVersion = 10.0.40219.1
Project("{FAE04EC0-301F-11D3-BF4B-00C04F79EFBC}") = "SistemaBancoAPI", "SistemaBancoAPI\SistemaBancoAPI.csproj", "{26720047-EBBA-4F96-B4C7-44797CC1DCF1}"
EndProject
Global
	GlobalSection(SolutionConfigurationPlatforms) = preSolution
		Debug|Any CPU = Debug|Any CPU
		Release|Any CPU = Release|Any CPU
	EndGlobalSection
	GlobalSection(ProjectConfigurationPlatforms) = postSolution
		{26720047-EBBA-4F96-B4C7-44797CC1DCF1}.Debug|Any CPU.ActiveCfg = Debug|Any CPU
		{26720047-EBBA-4F96-B4C7-44797CC1DCF1}.Debug|Any CPU.Build.0 = Debug|Any CPU
		{26720047-EBBA-4F96-B4C7-44797CC1DCF1}.Release|Any CPU.ActiveCfg = Release|Any CPU
		{26720047-EBBA-4F96-B4C7-44797CC1DCF1}.Release|Any CPU.Build.0 = Release|Any CPU
	EndGlobalSection
	GlobalSection(SolutionProperties) = preSolution
		HideSolutionNode = FALSE
	EndGlobalSection
	GlobalSection(ExtensibilityGlobals) = postSolution
		SolutionGuid = {4F67605C-AF6D-4A9C-A7B9-1317C17CE394}
	EndGlobalSection
EndGlobal
